
Microsoft Visual Studio Solution File, Format Version 12.00
# Visual Studio 14
VisualStudioVersion = 14.0.23107.0
MinimumVisualStudioVersion = 10.0.40219.1
Project("{8BC9CEB8-8B4A-11D0-8D11-00A0C91BC942}") = "PictureJoint", "PictureJoint\PictureJoint.vcxproj", "{0444F9A3-C915-4601-A3AA-4FCC1689EEA3}"
EndProject
Project("{8BC9CEB8-8B4A-11D0-8D11-00A0C91BC942}") = "FileContentModify", "FileContentModify\FileContentModify.vcxproj", "{DD6E29D9-B584-437B-BB39-5EE00C165C9C}"
EndProject
Project("{8BC9CEB8-8B4A-11D0-8D11-00A0C91BC942}") = "DataExtractor", "DataExtractor\DataExtractor.vcxproj", "{A85BCD53-46FA-4BBA-9CF4-DBF6CDACF6D9}"
EndProject
Project("{8BC9CEB8-8B4A-11D0-8D11-00A0C91BC942}") = "FileRename", "FileRename\FileRename.vcxproj", "{C4739B27-6F8E-44BB-9379-56F7361D9E39}"
EndProject
Global
	GlobalSection(SolutionConfigurationPlatforms) = preSolution
		Debug|x64 = Debug|x64
		Debug|x86 = Debug|x86
		Release|x64 = Release|x64
		Release|x86 = Release|x86
	EndGlobalSection
	GlobalSection(ProjectConfigurationPlatforms) = postSolution
		{0444F9A3-C915-4601-A3AA-4FCC1689EEA3}.Debug|x64.ActiveCfg = Debug|x64
		{0444F9A3-C915-4601-A3AA-4FCC1689EEA3}.Debug|x86.ActiveCfg = Debug|Win32
		{0444F9A3-C915-4601-A3AA-4FCC1689EEA3}.Release|x64.ActiveCfg = Release|x64
		{0444F9A3-C915-4601-A3AA-4FCC1689EEA3}.Release|x86.ActiveCfg = Release|Win32
		{0444F9A3-C915-4601-A3AA-4FCC1689EEA3}.Release|x86.Build.0 = Release|Win32
		{DD6E29D9-B584-437B-BB39-5EE00C165C9C}.Debug|x64.ActiveCfg = Debug|x64
		{DD6E29D9-B584-437B-BB39-5EE00C165C9C}.Debug|x86.ActiveCfg = Debug|Win32
		{DD6E29D9-B584-437B-BB39-5EE00C165C9C}.Debug|x86.Build.0 = Debug|Win32
		{DD6E29D9-B584-437B-BB39-5EE00C165C9C}.Release|x64.ActiveCfg = Release|x64
		{DD6E29D9-B584-437B-BB39-5EE00C165C9C}.Release|x64.Build.0 = Release|x64
		{DD6E29D9-B584-437B-BB39-5EE00C165C9C}.Release|x86.ActiveCfg = Release|Win32
		{DD6E29D9-B584-437B-BB39-5EE00C165C9C}.Release|x86.Build.0 = Release|Win32
		{A85BCD53-46FA-4BBA-9CF4-DBF6CDACF6D9}.Debug|x64.ActiveCfg = Debug|x64
		{A85BCD53-46FA-4BBA-9CF4-DBF6CDACF6D9}.Debug|x64.Build.0 = Debug|x64
		{A85BCD53-46FA-4BBA-9CF4-DBF6CDACF6D9}.Debug|x86.ActiveCfg = Debug|Win32
		{A85BCD53-46FA-4BBA-9CF4-DBF6CDACF6D9}.Debug|x86.Build.0 = Debug|Win32
		{A85BCD53-46FA-4BBA-9CF4-DBF6CDACF6D9}.Release|x64.ActiveCfg = Release|x64
		{A85BCD53-46FA-4BBA-9CF4-DBF6CDACF6D9}.Release|x64.Build.0 = Release|x64
		{A85BCD53-46FA-4BBA-9CF4-DBF6CDACF6D9}.Release|x86.ActiveCfg = Release|Win32
		{A85BCD53-46FA-4BBA-9CF4-DBF6CDACF6D9}.Release|x86.Build.0 = Release|Win32
		{C4739B27-6F8E-44BB-9379-56F7361D9E39}.Debug|x64.ActiveCfg = Debug|x64
		{C4739B27-6F8E-44BB-9379-56F7361D9E39}.Debug|x64.Build.0 = Debug|x64
		{C4739B27-6F8E-44BB-9379-56F7361D9E39}.Debug|x86.ActiveCfg = Debug|Win32
		{C4739B27-6F8E-44BB-9379-56F7361D9E39}.Debug|x86.Build.0 = Debug|Win32
		{C4739B27-6F8E-44BB-9379-56F7361D9E39}.Release|x64.ActiveCfg = Release|x64
		{C4739B27-6F8E-44BB-9379-56F7361D9E39}.Release|x64.Build.0 = Release|x64
		{C4739B27-6F8E-44BB-9379-56F7361D9E39}.Release|x86.ActiveCfg = Release|Win32
		{C4739B27-6F8E-44BB-9379-56F7361D9E39}.Release|x86.Build.0 = Release|Win32
	EndGlobalSection
	GlobalSection(SolutionProperties) = preSolution
		HideSolutionNode = FALSE
	EndGlobalSection
EndGlobal
